// !$*UTF8*$!
{
	archiveVersion = 1;
	classes = {
	};
	objectVersion = 46;
	objects = {

/* Begin PBXBuildFile section */
		A0687D5E1DC8E449004AF7F5 /* main.m in Sources */ = {isa = PBXBuildFile; fileRef = A0687D5D1DC8E449004AF7F5 /* main.m */; };
		A0687D661DC8E4D0004AF7F5 /* Box.m in Sources */ = {isa = PBXBuildFile; fileRef = A0687D651DC8E4D0004AF7F5 /* Box.m */; };
/* End PBXBuildFile section */

/* Begin PBXCopyFilesBuildPhase section */
		A0687D581DC8E449004AF7F5 /* CopyFiles */ = {
			isa = PBXCopyFilesBuildPhase;
			buildActionMask = 2147483647;
			dstPath = /usr/share/man/man1/;
			dstSubfolderSpec = 0;
			files = (
			);
			runOnlyForDeploymentPostprocessing = 1;
		};
/* End PBXCopyFilesBuildPhase section */

/* Begin PBXFileReference section */
		A0687D5A1DC8E449004AF7F5 /* W1D2 - Boxes */ = {isa = PBXFileReference; explicitFileType = "compiled.mach-o.executable"; includeInIndex = 0; path = "W1D2 - Boxes"; sourceTree = BUILT_PRODUCTS_DIR; };
		A0687D5D1DC8E449004AF7F5 /* main.m */ = {isa = PBXFileReference; lastKnownFileType = sourcecode.c.objc; path = main.m; sourceTree = "<group>"; };
		A0687D641DC8E4D0004AF7F5 /* Box.h */ = {isa = PBXFileReference; fileEncoding = 4; lastKnownFileType = sourcecode.c.h; path = Box.h; sourceTree = "<group>"; };
		A0687D651DC8E4D0004AF7F5 /* Box.m */ = {isa = PBXFileReference; fileEncoding = 4; lastKnownFileType = sourcecode.c.objc; path = Box.m; sourceTree = "<group>"; };
/* End PBXFileReference section */

/* Begin PBXFrameworksBuildPhase section */
		A0687D571DC8E449004AF7F5 /* Frameworks */ = {
			isa = PBXFrameworksBuildPhase;
			buildActionMask = 2147483647;
			files = (
			);
			runOnlyForDeploymentPostprocessing = 0;
		};
/* End PBXFrameworksBuildPhase section */

/* Begin PBXGroup section */
		A0687D511DC8E449004AF7F5 = {
			isa = PBXGroup;
			children = (
				A0687D5C1DC8E449004AF7F5 /* W1D2 - Boxes */,
				A0687D5B1DC8E449004AF7F5 /* Products */,
			);
			sourceTree = "<group>";
		};
		A0687D5B1DC8E449004AF7F5 /* Products */ = {
			isa = PBXGroup;
			children = (
				A0687D5A1DC8E449004AF7F5 /* W1D2 - Boxes */,
			);
			name = Products;
			sourceTree = "<group>";
		};
		A0687D5C1DC8E449004AF7F5 /* W1D2 - Boxes */ = {
			isa = PBXGroup;
			children = (
				A0687D5D1DC8E449004AF7F5 /* main.m */,
				A0687D641DC8E4D0004AF7F5 /* Box.h */,
				A0687D651DC8E4D0004AF7F5 /* Box.m */,
			);
			path = "W1D2 - Boxes";
			sourceTree = "<group>";
		};
/* End PBXGroup section */

/* Begin PBXNativeTarget section */
		A0687D591DC8E449004AF7F5 /* W1D2 - Boxes */ = {
			isa = PBXNativeTarget;
			buildConfigurationList = A0687D611DC8E449004AF7F5 /* Build configuration list for PBXNativeTarget "W1D2 - Boxes" */;
			buildPhases = (
				A0687D561DC8E449004AF7F5 /* Sources */,
				A0687D571DC8E449004AF7F5 /* Frameworks */,
				A0687D581DC8E449004AF7F5 /* CopyFiles */,
			);
			buildRules = (
			);
			dependencies = (
			);
			name = "W1D2 - Boxes";
			productName = "W1D2 - Boxes";
			productReference = A0687D5A1DC8E449004AF7F5 /* W1D2 - Boxes */;
			productType = "com.apple.product-type.tool";
		};
/* End PBXNativeTarget section */

/* Begin PBXProject section */
		A0687D521DC8E449004AF7F5 /* Project object */ = {
			isa = PBXProject;
			attributes = {
				LastUpgradeCheck = 0800;
				ORGANIZATIONNAME = "Dylan McCrindle";
				TargetAttributes = {
					A0687D591DC8E449004AF7F5 = {
						CreatedOnToolsVersion = 8.0;
						ProvisioningStyle = Automatic;
					};
				};
			};
			buildConfigurationList = A0687D551DC8E449004AF7F5 /* Build configuration list for PBXProject "W1D2 - Boxes" */;
			compatibilityVersion = "Xcode 3.2";
			developmentRegion = English;
			hasScannedForEncodings = 0;
			knownRegions = (
				en,
			);
			mainGroup = A0687D511DC8E449004AF7F5;
			productRefGroup = A0687D5B1DC8E449004AF7F5 /* Products */;
			projectDirPath = "";
			projectRoot = "";
			targets = (
				A0687D591DC8E449004AF7F5 /* W1D2 - Boxes */,
			);
		};
/* End PBXProject section */

/* Begin PBXSourcesBuildPhase section */
		A0687D561DC8E449004AF7F5 /* Sources */ = {
			isa = PBXSourcesBuildPhase;
			buildActionMask = 2147483647;
			files = (
				A0687D5E1DC8E449004AF7F5 /* main.m in Sources */,
				A0687D661DC8E4D0004AF7F5 /* Box.m in Sources */,
			);
			runOnlyForDeploymentPostprocessing = 0;
		};
/* End PBXSourcesBuildPhase section */

/* Begin XCBuildConfiguration section */
		A0687D5F1DC8E449004AF7F5 /* Debug */ = {
			isa = XCBuildConfiguration;
			buildSettings = {
				ALWAYS_SEARCH_USER_PATHS = NO;
				CLANG_ANALYZER_NONNULL = YES;
				CLANG_CXX_LANGUAGE_STANDARD = "gnu++0x";
				CLANG_CXX_LIBRARY = "libc++";
				CLANG_ENABLE_MODULES = YES;
				CLANG_ENABLE_OBJC_ARC = YES;
				CLANG_WARN_BOOL_CONVERSION = YES;
				CLANG_WARN_CONSTANT_CONVERSION = YES;
				CLANG_WARN_DIRECT_OBJC_ISA_USAGE = YES_ERROR;
				CLANG_WARN_DOCUMENTATION_COMMENTS = YES;
				CLANG_WARN_EMPTY_BODY = YES;
				CLANG_WARN_ENUM_CONVERSION = YES;
				CLANG_WARN_INFINITE_RECURSION = YES;
				CLANG_WARN_INT_CONVERSION = YES;
				CLANG_WARN_OBJC_ROOT_CLASS = YES_ERROR;
				CLANG_WARN_SUSPICIOUS_MOVES = YES;
				CLANG_WARN_UNREACHABLE_CODE = YES;
				CLANG_WARN__DUPLICATE_METHOD_MATCH = YES;
				CODE_SIGN_IDENTITY = "-";
				COPY_PHASE_STRIP = NO;
				DEBUG_INFORMATION_FORMAT = dwarf;
				ENABLE_STRICT_OBJC_MSGSEND = YES;
				ENABLE_TESTABILITY = YES;
				GCC_C_LANGUAGE_STANDARD = gnu99;
				GCC_DYNAMIC_NO_PIC = NO;
				GCC_NO_COMMON_BLOCKS = YES;
				GCC_OPTIMIZATION_LEVEL = 0;
				GCC_PREPROCESSOR_DEFINITIONS = (
					"DEBUG=1",
					"$(inherited)",
				);
				GCC_WARN_64_TO_32_BIT_CONVERSION = YES;
				GCC_WARN_ABOUT_RETURN_TYPE = YES_ERROR;
				GCC_WARN_UNDECLARED_SELECTOR = YES;
				GCC_WARN_UNINITIALIZED_AUTOS = YES_AGGRESSIVE;
				GCC_WARN_UNUSED_FUNCTION = YES;
				GCC_WARN_UNUSED_VARIABLE = YES;
				MACOSX_DEPLOYMENT_TARGET = 10.11;
				MTL_ENABLE_DEBUG_INFO = YES;
				ONLY_ACTIVE_ARCH = YES;
				SDKROOT = macosx;
			};
			name = Debug;
		};
		A0687D601DC8E449004AF7F5 /* Release */ = {
			isa = XCBuildConfiguration;
			buildSettings = {
				ALWAYS_SEARCH_USER_PATHS = NO;
				CLANG_ANALYZER_NONNULL = YES;
				CLANG_CXX_LANGUAGE_STANDARD = "gnu++0x";
				CLANG_CXX_LIBRARY = "libc++";
				CLANG_ENABLE_MODULES = YES;
				CLANG_ENABLE_OBJC_ARC = YES;
				CLANG_WARN_BOOL_CONVERSION = YES;
				CLANG_WARN_CONSTANT_CONVERSION = YES;
				CLANG_WARN_DIRECT_OBJC_ISA_USAGE = YES_ERROR;
				CLANG_WARN_DOCUMENTATION_COMMENTS = YES;
				CLANG_WARN_EMPTY_BODY = YES;
				CLANG_WARN_ENUM_CONVERSION = YES;
				CLANG_WARN_INFINITE_RECURSION = YES;
				CLANG_WARN_INT_CONVERSION = YES;
				CLANG_WARN_OBJC_ROOT_CLASS = YES_ERROR;
				CLANG_WARN_SUSPICIOUS_MOVES = YES;
				CLANG_WARN_UNREACHABLE_CODE = YES;
				CLANG_WARN__DUPLICATE_METHOD_MATCH = YES;
				CODE_SIGN_IDENTITY = "-";
				COPY_PHASE_STRIP = NO;
				DEBUG_INFORMATION_FORMAT = "dwarf-with-dsym";
				ENABLE_NS_ASSERTIONS = NO;
				ENABLE_STRICT_OBJC_MSGSEND = YES;
				GCC_C_LANGUAGE_STANDARD = gnu99;
				GCC_NO_COMMON_BLOCKS = YES;
				GCC_WARN_64_TO_32_BIT_CONVERSION = YES;
				GCC_WARN_ABOUT_RETURN_TYPE = YES_ERROR;
				GCC_WARN_UNDECLARED_SELECTOR = YES;
				GCC_WARN_UNINITIALIZED_AUTOS = YES_AGGRESSIVE;
				GCC_WARN_UNUSED_FUNCTION = YES;
				GCC_WARN_UNUSED_VARIABLE = YES;
				MACOSX_DEPLOYMENT_TARGET = 10.11;
				MTL_ENABLE_DEBUG_INFO = NO;
				SDKROOT = macosx;
			};
			name = Release;
		};
		A0687D621DC8E449004AF7F5 /* Debug */ = {
			isa = XCBuildConfiguration;
			buildSettings = {
				PRODUCT_NAME = "$(TARGET_NAME)";
			};
			name = Debug;
		};
		A0687D631DC8E449004AF7F5 /* Release */ = {
			isa = XCBuildConfiguration;
			buildSettings = {
				PRODUCT_NAME = "$(TARGET_NAME)";
			};
			name = Release;
		};
/* End XCBuildConfiguration section */

/* Begin XCConfigurationList section */
		A0687D551DC8E449004AF7F5 /* Build configuration list for PBXProject "W1D2 - Boxes" */ = {
			isa = XCConfigurationList;
			buildConfigurations = (
				A0687D5F1DC8E449004AF7F5 /* Debug */,
				A0687D601DC8E449004AF7F5 /* Release */,
			);
			defaultConfigurationIsVisible = 0;
			defaultConfigurationName = Release;
		};
		A0687D611DC8E449004AF7F5 /* Build configuration list for PBXNativeTarget "W1D2 - Boxes" */ = {
			isa = XCConfigurationList;
			buildConfigurations = (
				A0687D621DC8E449004AF7F5 /* Debug */,
				A0687D631DC8E449004AF7F5 /* Release */,
			);
			defaultConfigurationIsVisible = 0;
		};
/* End XCConfigurationList section */
	};
	rootObject = A0687D521DC8E449004AF7F5 /* Project object */;
}
